version = 1
revision = 2
requires-python = ">=3.13"

[[package]]
name = "algorithms"
version = "0.1.0"
source = { editable = "." }
dependencies = [
    { name = "bitarray" },
]

[package.dev-dependencies]
dev = [
    { name = "ruff" },
    { name = "ty" },
]

[package.metadata]
requires-dist = [{ name = "bitarray", specifier = ">=3.4.3" }]

[package.metadata.requires-dev]
dev = [
    { name = "ruff", specifier = ">=0.12.1" },
    { name = "ty", specifier = ">=0.0.1a12" },
]

[[package]]
name = "bitarray"
version = "3.4.3"
source = { registry = "https://pypi.netflix.net/simple" }
sdist = { url = "https://pypi.netflix.net/packages/18812197500/bitarray-3.4.3.tar.gz", hash = "sha256:dddfb2bf086b66aec1c0110dc46642b7161f587a6441cfe74da9e323975f62f0", size = 143930, upload-time = "2025-06-23T23:23:20.578Z" }
wheels = [
    { url = "https://pypi.netflix.net/packages/18812133317/bitarray-3.4.3-cp313-cp313-macosx_10_13_x86_64.whl", hash = "sha256:2162e97bbdb3a9d2dbf039df02baf9eefd2c13149fc615a5ce5a0189bff82fd4", size = 140655, upload-time = "2025-06-23T23:20:43.625Z" },
    { url = "https://pypi.netflix.net/packages/18812133318/bitarray-3.4.3-cp313-cp313-macosx_11_0_arm64.whl", hash = "sha256:254ab82798faf4636ffd3b5bfe2bf24ee6f70e0c8b794491da24f143329bf4c5", size = 137514, upload-time = "2025-06-23T23:20:45.232Z" },
    { url = "https://pypi.netflix.net/packages/18812137153/bitarray-3.4.3-cp313-cp313-manylinux_2_17_aarch64.manylinux2014_aarch64.whl", hash = "sha256:9342795493deacc6bea42782fea777e180abb28cf2440e743f6c52b65b4bfddd", size = 317153, upload-time = "2025-06-23T23:20:47.556Z" },
    { url = "https://pypi.netflix.net/packages/18812137154/bitarray-3.4.3-cp313-cp313-manylinux_2_17_ppc64le.manylinux2014_ppc64le.whl", hash = "sha256:28347e92310a042e958c53336b03bea7e3eec451411ed0e27180d19c428ad7f2", size = 332706, upload-time = "2025-06-23T23:20:49.29Z" },
    { url = "https://pypi.netflix.net/packages/18812137155/bitarray-3.4.3-cp313-cp313-manylinux_2_17_s390x.manylinux2014_s390x.whl", hash = "sha256:f873f4506649575495ffc91febf3e573eabdb7b800e96326533a711807bbe7df", size = 326200, upload-time = "2025-06-23T23:20:51.176Z" },
    { url = "https://pypi.netflix.net/packages/18812137156/bitarray-3.4.3-cp313-cp313-manylinux_2_17_x86_64.manylinux2014_x86_64.whl", hash = "sha256:9e9d9df7558497c72e832b1a29a1d3ec394c50c79829755b6237f9a76146f5e2", size = 319054, upload-time = "2025-06-23T23:20:52.652Z" },
    { url = "https://pypi.netflix.net/packages/18812137157/bitarray-3.4.3-cp313-cp313-manylinux_2_5_i686.manylinux1_i686.manylinux_2_17_i686.manylinux2014_i686.whl", hash = "sha256:f849e428dd2c8c38b705e28b2baa6601fc9013e3a8dd4b922f128e474bcf687d", size = 306379, upload-time = "2025-06-23T23:20:54.024Z" },
    { url = "https://pypi.netflix.net/packages/18812137158/bitarray-3.4.3-cp313-cp313-musllinux_1_2_aarch64.whl", hash = "sha256:438c50f2f9a5751fb12b1ae5c6283c94fc420c191ecd97f0d37483b3f1674a61", size = 311409, upload-time = "2025-06-23T23:20:55.796Z" },
    { url = "https://pypi.netflix.net/packages/18812137159/bitarray-3.4.3-cp313-cp313-musllinux_1_2_i686.whl", hash = "sha256:5cf5bdce1e64eb77cb10fd1046ec7ccd84a3e68cdeaf05da300adfc0a5ddcfa5", size = 302976, upload-time = "2025-06-23T23:20:57.251Z" },
    { url = "https://pypi.netflix.net/packages/18812137160/bitarray-3.4.3-cp313-cp313-musllinux_1_2_ppc64le.whl", hash = "sha256:2e981af7e4e0d33de3cd7132619c04484cc83846922507855d6d167ae2c444b5", size = 327525, upload-time = "2025-06-23T23:20:58.815Z" },
    { url = "https://pypi.netflix.net/packages/18812137161/bitarray-3.4.3-cp313-cp313-musllinux_1_2_s390x.whl", hash = "sha256:da717081402de4b5d66865c9989cb586076773a11af85324fdad4db6950d36a4", size = 331270, upload-time = "2025-06-23T23:21:00.488Z" },
    { url = "https://pypi.netflix.net/packages/18812145464/bitarray-3.4.3-cp313-cp313-musllinux_1_2_x86_64.whl", hash = "sha256:d6b1a7764e178b127e1388015c00bbc20d4e7188129532c530f1a12979c491f2", size = 311288, upload-time = "2025-06-23T23:21:01.901Z" },
    { url = "https://pypi.netflix.net/packages/18812145465/bitarray-3.4.3-cp313-cp313-win32.whl", hash = "sha256:23ec148e5db67efee6376eefc0d167d4a25610b9e333b05e4ccfdcf7c2ac8a9a", size = 134634, upload-time = "2025-06-23T23:21:03.66Z" },
    { url = "https://pypi.netflix.net/packages/18812145466/bitarray-3.4.3-cp313-cp313-win_amd64.whl", hash = "sha256:c3113d40de1adfd3c4f08e4bb0a69ff88807085cf2916138f2b55839c9d8d1b2", size = 141522, upload-time = "2025-06-23T23:21:04.973Z" },
]

[[package]]
name = "ruff"
version = "0.12.1"
source = { registry = "https://pypi.netflix.net/simple" }
sdist = { url = "https://pypi.netflix.net/packages/18821210331/ruff-0.12.1.tar.gz", hash = "sha256:806bbc17f1104fd57451a98a58df35388ee3ab422e029e8f5cf30aa4af2c138c", size = 4413426, upload-time = "2025-06-26T20:34:14.784Z" }
wheels = [
    { url = "https://pypi.netflix.net/packages/18821190630/ruff-0.12.1-py3-none-linux_armv6l.whl", hash = "sha256:6013a46d865111e2edb71ad692fbb8262e6c172587a57c0669332a449384a36b", size = 10305649, upload-time = "2025-06-26T20:33:39.242Z" },
    { url = "https://pypi.netflix.net/packages/18821190631/ruff-0.12.1-py3-none-macosx_10_12_x86_64.whl", hash = "sha256:b3f75a19e03a4b0757d1412edb7f27cffb0c700365e9d6b60bc1b68d35bc89e0", size = 11120201, upload-time = "2025-06-26T20:33:42.207Z" },
    { url = "https://pypi.netflix.net/packages/18821190632/ruff-0.12.1-py3-none-macosx_11_0_arm64.whl", hash = "sha256:9a256522893cb7e92bb1e1153283927f842dea2e48619c803243dccc8437b8be", size = 10466769, upload-time = "2025-06-26T20:33:44.102Z" },
    { url = "https://pypi.netflix.net/packages/18821190633/ruff-0.12.1-py3-none-manylinux_2_17_aarch64.manylinux2014_aarch64.whl", hash = "sha256:069052605fe74c765a5b4272eb89880e0ff7a31e6c0dbf8767203c1fbd31c7ff", size = 10660902, upload-time = "2025-06-26T20:33:45.98Z" },
    { url = "https://pypi.netflix.net/packages/18821190634/ruff-0.12.1-py3-none-manylinux_2_17_armv7l.manylinux2014_armv7l.whl", hash = "sha256:a684f125a4fec2d5a6501a466be3841113ba6847827be4573fddf8308b83477d", size = 10167002, upload-time = "2025-06-26T20:33:47.81Z" },
    { url = "https://pypi.netflix.net/packages/18821190635/ruff-0.12.1-py3-none-manylinux_2_17_i686.manylinux2014_i686.whl", hash = "sha256:bdecdef753bf1e95797593007569d8e1697a54fca843d78f6862f7dc279e23bd", size = 11751522, upload-time = "2025-06-26T20:33:49.857Z" },
    { url = "https://pypi.netflix.net/packages/18821190636/ruff-0.12.1-py3-none-manylinux_2_17_ppc64.manylinux2014_ppc64.whl", hash = "sha256:70d52a058c0e7b88b602f575d23596e89bd7d8196437a4148381a3f73fcd5010", size = 12520264, upload-time = "2025-06-26T20:33:52.199Z" },
    { url = "https://pypi.netflix.net/packages/18821197020/ruff-0.12.1-py3-none-manylinux_2_17_ppc64le.manylinux2014_ppc64le.whl", hash = "sha256:84d0a69d1e8d716dfeab22d8d5e7c786b73f2106429a933cee51d7b09f861d4e", size = 12133882, upload-time = "2025-06-26T20:33:54.231Z" },
    { url = "https://pypi.netflix.net/packages/18821197022/ruff-0.12.1-py3-none-manylinux_2_17_s390x.manylinux2014_s390x.whl", hash = "sha256:6cc32e863adcf9e71690248607ccdf25252eeeab5193768e6873b901fd441fed", size = 11608941, upload-time = "2025-06-26T20:33:56.202Z" },
    { url = "https://pypi.netflix.net/packages/18821197024/ruff-0.12.1-py3-none-manylinux_2_17_x86_64.manylinux2014_x86_64.whl", hash = "sha256:7fd49a4619f90d5afc65cf42e07b6ae98bb454fd5029d03b306bd9e2273d44cc", size = 11602887, upload-time = "2025-06-26T20:33:58.47Z" },
    { url = "https://pypi.netflix.net/packages/18821197026/ruff-0.12.1-py3-none-musllinux_1_2_aarch64.whl", hash = "sha256:ed5af6aaaea20710e77698e2055b9ff9b3494891e1b24d26c07055459bb717e9", size = 10521742, upload-time = "2025-06-26T20:34:00.465Z" },
    { url = "https://pypi.netflix.net/packages/18821197027/ruff-0.12.1-py3-none-musllinux_1_2_armv7l.whl", hash = "sha256:801d626de15e6bf988fbe7ce59b303a914ff9c616d5866f8c79eb5012720ae13", size = 10149909, upload-time = "2025-06-26T20:34:02.603Z" },
    { url = "https://pypi.netflix.net/packages/18821197028/ruff-0.12.1-py3-none-musllinux_1_2_i686.whl", hash = "sha256:2be9d32a147f98a1972c1e4df9a6956d612ca5f5578536814372113d09a27a6c", size = 11136005, upload-time = "2025-06-26T20:34:04.723Z" },
    { url = "https://pypi.netflix.net/packages/18821197030/ruff-0.12.1-py3-none-musllinux_1_2_x86_64.whl", hash = "sha256:49b7ce354eed2a322fbaea80168c902de9504e6e174fd501e9447cad0232f9e6", size = 11648579, upload-time = "2025-06-26T20:34:06.766Z" },
    { url = "https://pypi.netflix.net/packages/18821203294/ruff-0.12.1-py3-none-win32.whl", hash = "sha256:d973fa626d4c8267848755bd0414211a456e99e125dcab147f24daa9e991a245", size = 10519495, upload-time = "2025-06-26T20:34:08.718Z" },
    { url = "https://pypi.netflix.net/packages/18821203295/ruff-0.12.1-py3-none-win_amd64.whl", hash = "sha256:9e1123b1c033f77bd2590e4c1fe7e8ea72ef990a85d2484351d408224d603013", size = 11547485, upload-time = "2025-06-26T20:34:11.008Z" },
    { url = "https://pypi.netflix.net/packages/18821203296/ruff-0.12.1-py3-none-win_arm64.whl", hash = "sha256:78ad09a022c64c13cc6077707f036bab0fac8cd7088772dcd1e5be21c5002efc", size = 10691209, upload-time = "2025-06-26T20:34:12.928Z" },
]

[[package]]
name = "ty"
version = "0.0.1a12"
source = { registry = "https://pypi.netflix.net/simple" }
sdist = { url = "https://pypi.netflix.net/packages/18816808878/ty-0.0.1a12.tar.gz", hash = "sha256:41dfc8eac0b4fb735d5e101cde8c8734a3c13f670eeebc975760e6414882b702", size = 3127188, upload-time = "2025-06-25T11:50:06.358Z" }
wheels = [
    { url = "https://pypi.netflix.net/packages/18816808556/ty-0.0.1a12-py3-none-linux_armv6l.whl", hash = "sha256:acb0959ac54853e677a44a10bbb7b209389eac5ec4f3084705c8065625badfa3", size = 6718708, upload-time = "2025-06-25T11:49:33.281Z" },
    { url = "https://pypi.netflix.net/packages/18816808557/ty-0.0.1a12-py3-none-macosx_10_12_x86_64.whl", hash = "sha256:65da32147fac319ee4ca08af25e363ba8ebe461268e13dc3b09fcdd74974e338", size = 6837580, upload-time = "2025-06-25T11:49:35.287Z" },
    { url = "https://pypi.netflix.net/packages/18816808558/ty-0.0.1a12-py3-none-macosx_11_0_arm64.whl", hash = "sha256:f8522efca591a621f19af89d639176f329b46d6db475510333fca92e4bc8279e", size = 6468202, upload-time = "2025-06-25T11:49:36.97Z" },
    { url = "https://pypi.netflix.net/packages/18816808559/ty-0.0.1a12-py3-none-manylinux_2_17_aarch64.manylinux2014_aarch64.whl", hash = "sha256:2d6627db2a8ebc12a28acf55d017f8a11e06a87f55dae4dee5677ea02dc72702", size = 6596703, upload-time = "2025-06-25T11:49:38.739Z" },
    { url = "https://pypi.netflix.net/packages/18816808560/ty-0.0.1a12-py3-none-manylinux_2_17_armv7l.manylinux2014_armv7l.whl", hash = "sha256:2876e6e947d5696511d8b185f3b45dc3f8a96c409e3fe1c05533cef0fcd9541b", size = 6577838, upload-time = "2025-06-25T11:49:40.713Z" },
    { url = "https://pypi.netflix.net/packages/18816808561/ty-0.0.1a12-py3-none-manylinux_2_17_i686.manylinux2014_i686.whl", hash = "sha256:0fc31000e0f0e054c8aba92db67f1fcd73c588dab598b020789699f23fd61eff", size = 7349544, upload-time = "2025-06-25T11:49:42.517Z" },
    { url = "https://pypi.netflix.net/packages/18816808562/ty-0.0.1a12-py3-none-manylinux_2_17_ppc64.manylinux2014_ppc64.whl", hash = "sha256:e6d214ad154ab9c265b268257703f46c6d4a3a5901e0e9bcbc879760a6118041", size = 7791984, upload-time = "2025-06-25T11:49:44.32Z" },
    { url = "https://pypi.netflix.net/packages/18816808563/ty-0.0.1a12-py3-none-manylinux_2_17_ppc64le.manylinux2014_ppc64le.whl", hash = "sha256:d60a61fe04acefafc8fcd1ef2dc1383ec2cad53c4409d4223817f85a1cb3ef8a", size = 7448658, upload-time = "2025-06-25T11:49:46.114Z" },
    { url = "https://pypi.netflix.net/packages/18816808564/ty-0.0.1a12-py3-none-manylinux_2_17_s390x.manylinux2014_s390x.whl", hash = "sha256:7ad7dff29bb96bda0dec80dc494946e6cda3e377ebda755ff2d453db0211228e", size = 7323623, upload-time = "2025-06-25T11:49:48.229Z" },
    { url = "https://pypi.netflix.net/packages/18816808565/ty-0.0.1a12-py3-none-manylinux_2_17_x86_64.manylinux2014_x86_64.whl", hash = "sha256:fdd258c97f076de6e289cb41b3b24812ab5a562d4d0e98573bf38c195d564d92", size = 7130031, upload-time = "2025-06-25T11:49:50.21Z" },
    { url = "https://pypi.netflix.net/packages/18816808566/ty-0.0.1a12-py3-none-musllinux_1_2_aarch64.whl", hash = "sha256:4b2fe76b8e7b4a066a962e839993f3422ce1391b2261afe0384b3560efce8f80", size = 6499534, upload-time = "2025-06-25T11:49:52.244Z" },
    { url = "https://pypi.netflix.net/packages/18816808567/ty-0.0.1a12-py3-none-musllinux_1_2_armv7l.whl", hash = "sha256:b19ae81024646350a3bb1031c61608ed836e8cf05e8b6e1d3b6ab465abeeff80", size = 6608484, upload-time = "2025-06-25T11:49:54.305Z" },
    { url = "https://pypi.netflix.net/packages/18816808568/ty-0.0.1a12-py3-none-musllinux_1_2_i686.whl", hash = "sha256:04cefeccc934a6389c21fd41426c271a95751e88544eb70f64953a8caa5306f8", size = 7012818, upload-time = "2025-06-25T11:49:56.228Z" },
    { url = "https://pypi.netflix.net/packages/18816808569/ty-0.0.1a12-py3-none-musllinux_1_2_x86_64.whl", hash = "sha256:1f2e07a927134f7287142ff264b8862025175d2329fa2293aedddb58ac59014d", size = 7191992, upload-time = "2025-06-25T11:49:58.411Z" },
    { url = "https://pypi.netflix.net/packages/18816808570/ty-0.0.1a12-py3-none-win32.whl", hash = "sha256:8f1571a10b5ff16eeaa91ed240ec880b2c008d9fcd106426fc904bddfc126fbc", size = 6381651, upload-time = "2025-06-25T11:50:00.112Z" },
    { url = "https://pypi.netflix.net/packages/18816808876/ty-0.0.1a12-py3-none-win_amd64.whl", hash = "sha256:6b3d8f787ef8247f5564cd86fdb182157bc99c220677988ef7f66cc6502ae83a", size = 6957120, upload-time = "2025-06-25T11:50:01.899Z" },
    { url = "https://pypi.netflix.net/packages/18816808877/ty-0.0.1a12-py3-none-win_arm64.whl", hash = "sha256:5983f745cc40d15c77434d188dbce7218e2baceba88f1b8f1108763cedad81b4", size = 6572157, upload-time = "2025-06-25T11:50:03.986Z" },
]
